
Microsoft Visual Studio Solution File, Format Version 12.00
# Visual Studio Version 16
VisualStudioVersion = 16.0.32901.82
MinimumVisualStudioVersion = 10.0.40219.1
Project("{FAE04EC0-301F-11D3-BF4B-00C04F79EFBC}") = "Composite DP", "Composite DP\Composite DP.csproj", "{EA6C9A74-418E-4B2F-A80E-D3C487F9E31B}"
EndProject
Project("{FAE04EC0-301F-11D3-BF4B-00C04F79EFBC}") = "Composite DP2", "Composite DP2\Composite DP2.csproj", "{E392C356-376B-4BDB-B255-45F2E6A53AB4}"
EndProject
Project("{FAE04EC0-301F-11D3-BF4B-00C04F79EFBC}") = "Composite DP3", "Composite DP3\Composite DP3.csproj", "{F7B6AEF2-8371-46CD-A151-5CFFBD484F82}"
EndProject
Global
	GlobalSection(SolutionConfigurationPlatforms) = preSolution
		Debug|Any CPU = Debug|Any CPU
		Release|Any CPU = Release|Any CPU
	EndGlobalSection
	GlobalSection(ProjectConfigurationPlatforms) = postSolution
		{EA6C9A74-418E-4B2F-A80E-D3C487F9E31B}.Debug|Any CPU.ActiveCfg = Debug|Any CPU
		{EA6C9A74-418E-4B2F-A80E-D3C487F9E31B}.Debug|Any CPU.Build.0 = Debug|Any CPU
		{EA6C9A74-418E-4B2F-A80E-D3C487F9E31B}.Release|Any CPU.ActiveCfg = Release|Any CPU
		{EA6C9A74-418E-4B2F-A80E-D3C487F9E31B}.Release|Any CPU.Build.0 = Release|Any CPU
		{E392C356-376B-4BDB-B255-45F2E6A53AB4}.Debug|Any CPU.ActiveCfg = Debug|Any CPU
		{E392C356-376B-4BDB-B255-45F2E6A53AB4}.Debug|Any CPU.Build.0 = Debug|Any CPU
		{E392C356-376B-4BDB-B255-45F2E6A53AB4}.Release|Any CPU.ActiveCfg = Release|Any CPU
		{E392C356-376B-4BDB-B255-45F2E6A53AB4}.Release|Any CPU.Build.0 = Release|Any CPU
		{F7B6AEF2-8371-46CD-A151-5CFFBD484F82}.Debug|Any CPU.ActiveCfg = Debug|Any CPU
		{F7B6AEF2-8371-46CD-A151-5CFFBD484F82}.Debug|Any CPU.Build.0 = Debug|Any CPU
		{F7B6AEF2-8371-46CD-A151-5CFFBD484F82}.Release|Any CPU.ActiveCfg = Release|Any CPU
		{F7B6AEF2-8371-46CD-A151-5CFFBD484F82}.Release|Any CPU.Build.0 = Release|Any CPU
	EndGlobalSection
	GlobalSection(SolutionProperties) = preSolution
		HideSolutionNode = FALSE
	EndGlobalSection
	GlobalSection(ExtensibilityGlobals) = postSolution
		SolutionGuid = {94F458B0-D121-47F4-8C81-787CBE0E4854}
	EndGlobalSection
EndGlobal
