
Microsoft Visual Studio Solution File, Format Version 12.00
# Visual Studio Version 16
VisualStudioVersion = 16.0.32901.82
MinimumVisualStudioVersion = 10.0.40219.1
Project("{9A19103F-16F7-4668-BE54-9A1E7A4F7556}") = "Decorator DP", "Decorator DP\Decorator DP.csproj", "{3B7E1BC7-554A-47B2-BE8D-542259E41791}"
EndProject
Project("{9A19103F-16F7-4668-BE54-9A1E7A4F7556}") = "Decorator DP2", "Decorator DP2\Decorator DP2.csproj", "{C810EBE6-57E7-4732-9CF4-B32A162E266C}"
EndProject
Project("{FAE04EC0-301F-11D3-BF4B-00C04F79EFBC}") = "Decorator DP3", "Decorator DP3\Decorator DP3.csproj", "{AFE95DF3-967F-4E96-8ED7-4C71D9247268}"
EndProject
Global
	GlobalSection(SolutionConfigurationPlatforms) = preSolution
		Debug|Any CPU = Debug|Any CPU
		Release|Any CPU = Release|Any CPU
	EndGlobalSection
	GlobalSection(ProjectConfigurationPlatforms) = postSolution
		{3B7E1BC7-554A-47B2-BE8D-542259E41791}.Debug|Any CPU.ActiveCfg = Debug|Any CPU
		{3B7E1BC7-554A-47B2-BE8D-542259E41791}.Debug|Any CPU.Build.0 = Debug|Any CPU
		{3B7E1BC7-554A-47B2-BE8D-542259E41791}.Release|Any CPU.ActiveCfg = Release|Any CPU
		{3B7E1BC7-554A-47B2-BE8D-542259E41791}.Release|Any CPU.Build.0 = Release|Any CPU
		{C810EBE6-57E7-4732-9CF4-B32A162E266C}.Debug|Any CPU.ActiveCfg = Debug|Any CPU
		{C810EBE6-57E7-4732-9CF4-B32A162E266C}.Debug|Any CPU.Build.0 = Debug|Any CPU
		{C810EBE6-57E7-4732-9CF4-B32A162E266C}.Release|Any CPU.ActiveCfg = Release|Any CPU
		{C810EBE6-57E7-4732-9CF4-B32A162E266C}.Release|Any CPU.Build.0 = Release|Any CPU
		{AFE95DF3-967F-4E96-8ED7-4C71D9247268}.Debug|Any CPU.ActiveCfg = Debug|Any CPU
		{AFE95DF3-967F-4E96-8ED7-4C71D9247268}.Debug|Any CPU.Build.0 = Debug|Any CPU
		{AFE95DF3-967F-4E96-8ED7-4C71D9247268}.Release|Any CPU.ActiveCfg = Release|Any CPU
		{AFE95DF3-967F-4E96-8ED7-4C71D9247268}.Release|Any CPU.Build.0 = Release|Any CPU
	EndGlobalSection
	GlobalSection(SolutionProperties) = preSolution
		HideSolutionNode = FALSE
	EndGlobalSection
	GlobalSection(ExtensibilityGlobals) = postSolution
		SolutionGuid = {597C9AFD-29B6-4A37-8E68-243C476A1A8D}
	EndGlobalSection
EndGlobal
