
Microsoft Visual Studio Solution File, Format Version 12.00
# Visual Studio Version 16
VisualStudioVersion = 16.0.32901.82
MinimumVisualStudioVersion = 10.0.40219.1
Project("{FAE04EC0-301F-11D3-BF4B-00C04F79EFBC}") = "Strategy DP", "Strategy DP\Strategy DP.csproj", "{7DE707FE-8F2C-4A20-8314-EA42DBB874EC}"
EndProject
Project("{FAE04EC0-301F-11D3-BF4B-00C04F79EFBC}") = "Strategy DP2", "Strategy DP2\Strategy DP2.csproj", "{6629985A-B17D-4B6D-BCA6-FDCFFA238CEC}"
EndProject
Global
	GlobalSection(SolutionConfigurationPlatforms) = preSolution
		Debug|Any CPU = Debug|Any CPU
		Release|Any CPU = Release|Any CPU
	EndGlobalSection
	GlobalSection(ProjectConfigurationPlatforms) = postSolution
		{7DE707FE-8F2C-4A20-8314-EA42DBB874EC}.Debug|Any CPU.ActiveCfg = Debug|Any CPU
		{7DE707FE-8F2C-4A20-8314-EA42DBB874EC}.Debug|Any CPU.Build.0 = Debug|Any CPU
		{7DE707FE-8F2C-4A20-8314-EA42DBB874EC}.Release|Any CPU.ActiveCfg = Release|Any CPU
		{7DE707FE-8F2C-4A20-8314-EA42DBB874EC}.Release|Any CPU.Build.0 = Release|Any CPU
		{6629985A-B17D-4B6D-BCA6-FDCFFA238CEC}.Debug|Any CPU.ActiveCfg = Debug|Any CPU
		{6629985A-B17D-4B6D-BCA6-FDCFFA238CEC}.Debug|Any CPU.Build.0 = Debug|Any CPU
		{6629985A-B17D-4B6D-BCA6-FDCFFA238CEC}.Release|Any CPU.ActiveCfg = Release|Any CPU
		{6629985A-B17D-4B6D-BCA6-FDCFFA238CEC}.Release|Any CPU.Build.0 = Release|Any CPU
	EndGlobalSection
	GlobalSection(SolutionProperties) = preSolution
		HideSolutionNode = FALSE
	EndGlobalSection
	GlobalSection(ExtensibilityGlobals) = postSolution
		SolutionGuid = {D29354C9-DC2A-4CBB-99F5-4407E6C3248B}
	EndGlobalSection
EndGlobal
